hash: e4fa6ee1dc5c45ea5f6292846b508a9438a1e8394dd9d0a03e845448325e8056
updated: 2016-04-12T14:49:00.664589474+08:00
imports:
- name: github.com/toolkits/file
  version: a5b3c5147e07f934d9f9d00b901a20b2529f1a57
- name: github.com/toolkits/smtp
  version: 7cc935bc2ffa491bb44a5a84922208871b7ee605
- name: github.com/toolkits/web
  version: dc0f03327e1d58851ef88fca6e8008ffb6de806a
  subpackages:
  - param
  - errors
devImports: []
